lockfileVersion: '9.0'

settings:
  autoInstallPeers: true
  excludeLinksFromLockfile: false

importers:

  .:
    dependencies:
      motion:
        specifier: ^12.34.0
        version: 12.34.3(react-dom@19.2.4(react@19.2.4))(react@19.2.4)
      react:
        specifier: '>=18'
        version: 19.2.4
      react-dom:
        specifier: '>=18'
        version: 19.2.4(react@19.2.4)
    devDependencies:
      bunchee:
        specifier: ^6.9.4
        version: 6.9.4(typescript@5.9.3)

packages:

  '@babel/code-frame@7.29.0':
    resolution: {integrity: sha512-9NhCeYjq9+3uxgdtp20LSiJXJvN0FeCtNGpJxuMFZ1Kv3cWUNb6DOhJwUvcVCzKGR66cw4njwM6hrJLqgOwbcw==}
    engines: {node: '>=6.9.0'}

  '@babel/helper-validator-identifier@7.28.5':
    resolution: {integrity: sha512-qSs4ifwzKJSV39ucNjsvc6WVHs6b7S03sOh2OcHF9UHfVPqWWALUsNUVzhSBiItjRZoLHx7nIarVjqKVusUZ1Q==}
    engines: {node: '>=6.9.0'}

  '@fastify/deepmerge@1.3.0':
    resolution: {integrity: sha512-J8TOSBq3SoZbDhM9+R/u77hP93gz/rajSA+K2kGyijPpORPWUXHUpTaleoj+92As0S9uPRP7Oi8IqMf0u+ro6A==}

  '@jridgewell/sourcemap-codec@1.5.5':
    resolution: {integrity: sha512-cYQ9310grqxueWbl+WuIUIaiUaDcj7WOq5fVhEljNVgRfOUhY9fy2zTvfoqWsnebh8Sl70VScFbICvJnLKB0Og==}

  '@rollup/plugin-commonjs@29.0.0':
    resolution: {integrity: sha512-U2YHaxR2cU/yAiwKJtJRhnyLk7cifnQw0zUpISsocBDoHDJn+HTV74ABqnwr5bEgWUwFZC9oFL6wLe21lHu5eQ==}
    engines: {node: '>=16.0.0 || 14 >= 14.17'}
    peerDependencies:
      rollup: ^2.68.0||^3.0.0||^4.0.0
    peerDependenciesMeta:
      rollup:
        optional: true

  '@rollup/plugin-json@6.1.0':
    resolution: {integrity: sha512-EGI2te5ENk1coGeADSIwZ7G2Q8CJS2sF120T7jLw4xFw9n7wIOXHo+kIYRAoVpJAN+kmqZSoO3Fp4JtoNF4ReA==}
    engines: {node: '>=14.0.0'}
    peerDependencies:
      rollup: ^1.20.0||^2.0.0||^3.0.0||^4.0.0
    peerDependenciesMeta:
      rollup:
        optional: true

  '@rollup/plugin-node-resolve@16.0.3':
    resolution: {integrity: sha512-lUYM3UBGuM93CnMPG1YocWu7X802BrNF3jW2zny5gQyLQgRFJhV1Sq0Zi74+dh/6NBx1DxFC4b4GXg9wUCG5Qg==}
    engines: {node: '>=14.0.0'}
    peerDependencies:
      rollup: ^2.78.0||^3.0.0||^4.0.0
    peerDependenciesMeta:
      rollup:
        optional: true

  '@rollup/plugin-replace@6.0.3':
    resolution: {integrity: sha512-J4RZarRvQAm5IF0/LwUUg+obsm+xZhYnbMXmXROyoSE1ATJe3oXSb9L5MMppdxP2ylNSjv6zFBwKYjcKMucVfA==}
    engines: {node: '>=14.0.0'}
    peerDependencies:
      rollup: ^1.20.0||^2.0.0||^3.0.0||^4.0.0
    peerDependenciesMeta:
      rollup:
        optional: true

  '@rollup/plugin-wasm@6.2.2':
    resolution: {integrity: sha512-gpC4R1G9Ni92ZIRTexqbhX7U+9estZrbhP+9SRb0DW9xpB9g7j34r+J2hqrcW/lRI7dJaU84MxZM0Rt82tqYPQ==}
    engines: {node: '>=14.0.0'}
    peerDependencies:
      rollup: ^1.20.0||^2.0.0||^3.0.0||^4.0.0
    peerDependenciesMeta:
      rollup:
        optional: true

  '@rollup/pluginutils@5.3.0':
    resolution: {integrity: sha512-5EdhGZtnu3V88ces7s53hhfK5KSASnJZv8Lulpc04cWO3REESroJXg73DFsOmgbU2BhwV0E20bu2IDZb3VKW4Q==}
    engines: {node: '>=14.0.0'}
    peerDependencies:
      rollup: ^1.20.0||^2.0.0||^3.0.0||^4.0.0
    peerDependenciesMeta:
      rollup:
        optional: true

  '@rollup/rollup-android-arm-eabi@4.58.0':
    resolution: {integrity: sha512-mr0tmS/4FoVk1cnaeN244A/wjvGDNItZKR8hRhnmCzygyRXYtKF5jVDSIILR1U97CTzAYmbgIj/Dukg62ggG5w==}
    cpu: [arm]
    os: [android]

  '@rollup/rollup-android-arm64@4.58.0':
    resolution: {integrity: sha512-+s++dbp+/RTte62mQD9wLSbiMTV+xr/PeRJEc/sFZFSBRlHPNPVaf5FXlzAL77Mr8FtSfQqCN+I598M8U41ccQ==}
    cpu: [arm64]
    os: [android]

  '@rollup/rollup-darwin-arm64@4.58.0':
    resolution: {integrity: sha512-MFWBwTcYs0jZbINQBXHfSrpSQJq3IUOakcKPzfeSznONop14Pxuqa0Kg19GD0rNBMPQI2tFtu3UzapZpH0Uc1Q==}
    cpu: [arm64]
    os: [darwin]

  '@rollup/rollup-darwin-x64@4.58.0':
    resolution: {integrity: sha512-yiKJY7pj9c9JwzuKYLFaDZw5gma3fI9bkPEIyofvVfsPqjCWPglSHdpdwXpKGvDeYDms3Qal8qGMEHZ1M/4Udg==}
    cpu: [x64]
    os: [darwin]

  '@rollup/rollup-freebsd-arm64@4.58.0':
    resolution: {integrity: sha512-x97kCoBh5MOevpn/CNK9W1x8BEzO238541BGWBc315uOlN0AD/ifZ1msg+ZQB05Ux+VF6EcYqpiagfLJ8U3LvQ==}
    cpu: [arm64]
    os: [freebsd]

  '@rollup/rollup-freebsd-x64@4.58.0':
    resolution: {integrity: sha512-Aa8jPoZ6IQAG2eIrcXPpjRcMjROMFxCt1UYPZZtCxRV68WkuSigYtQ/7Zwrcr2IvtNJo7T2JfDXyMLxq5L4Jlg==}
    cpu: [x64]
    os: [freebsd]

  '@rollup/rollup-linux-arm-gnueabihf@4.58.0':
    resolution: {integrity: sha512-Ob8YgT5kD/lSIYW2Rcngs5kNB/44Q2RzBSPz9brf2WEtcGR7/f/E9HeHn1wYaAwKBni+bdXEwgHvUd0x12lQSA==}
    cpu: [arm]
    os: [linux]
    libc: [glibc]

  '@rollup/rollup-linux-arm-musleabihf@4.58.0':
    resolution: {integrity: sha512-K+RI5oP1ceqoadvNt1FecL17Qtw/n9BgRSzxif3rTL2QlIu88ccvY+Y9nnHe/cmT5zbH9+bpiJuG1mGHRVwF4Q==}
    cpu: [arm]
    os: [linux]
    libc: [musl]

  '@rollup/rollup-linux-arm64-gnu@4.58.0':
    resolution: {integrity: sha512-T+17JAsCKUjmbopcKepJjHWHXSjeW7O5PL7lEFaeQmiVyw4kkc5/lyYKzrv6ElWRX/MrEWfPiJWqbTvfIvjM1Q==}
    cpu: [arm64]
    os: [linux]
    libc: [glibc]

  '@rollup/rollup-linux-arm64-musl@4.58.0':
    resolution: {integrity: sha512-cCePktb9+6R9itIJdeCFF9txPU7pQeEHB5AbHu/MKsfH/k70ZtOeq1k4YAtBv9Z7mmKI5/wOLYjQ+B9QdxR6LA==}
    cpu: [arm64]
    os: [linux]
    libc: [musl]

  '@rollup/rollup-linux-loong64-gnu@4.58.0':
    resolution: {integrity: sha512-iekUaLkfliAsDl4/xSdoCJ1gnnIXvoNz85C8U8+ZxknM5pBStfZjeXgB8lXobDQvvPRCN8FPmmuTtH+z95HTmg==}
    cpu: [loong64]
    os: [linux]
    libc: [glibc]

  '@rollup/rollup-linux-loong64-musl@4.58.0':
    resolution: {integrity: sha512-68ofRgJNl/jYJbxFjCKE7IwhbfxOl1muPN4KbIqAIe32lm22KmU7E8OPvyy68HTNkI2iV/c8y2kSPSm2mW/Q9Q==}
    cpu: [loong64]
    os: [linux]
    libc: [musl]

  '@rollup/rollup-linux-ppc64-gnu@4.58.0':
    resolution: {integrity: sha512-dpz8vT0i+JqUKuSNPCP5SYyIV2Lh0sNL1+FhM7eLC457d5B9/BC3kDPp5BBftMmTNsBarcPcoz5UGSsnCiw4XQ==}
    cpu: [ppc64]
    os: [linux]
    libc: [glibc]

  '@rollup/rollup-linux-ppc64-musl@4.58.0':
    resolution: {integrity: sha512-4gdkkf9UJ7tafnweBCR/mk4jf3Jfl0cKX9Np80t5i78kjIH0ZdezUv/JDI2VtruE5lunfACqftJ8dIMGN4oHew==}
    cpu: [ppc64]
    os: [linux]
    libc: [musl]

  '@rollup/rollup-linux-riscv64-gnu@4.58.0':
    resolution: {integrity: sha512-YFS4vPnOkDTD/JriUeeZurFYoJhPf9GQQEF/v4lltp3mVcBmnsAdjEWhr2cjUCZzZNzxCG0HZOvJU44UGHSdzw==}
    cpu: [riscv64]
    os: [linux]
    libc: [glibc]

  '@rollup/rollup-linux-riscv64-musl@4.58.0':
    resolution: {integrity: sha512-x2xgZlFne+QVNKV8b4wwaCS8pwq3y14zedZ5DqLzjdRITvreBk//4Knbcvm7+lWmms9V9qFp60MtUd0/t/PXPw==}
    cpu: [riscv64]
    os: [linux]
    libc: [musl]

  '@rollup/rollup-linux-s390x-gnu@4.58.0':
    resolution: {integrity: sha512-jIhrujyn4UnWF8S+DHSkAkDEO3hLX0cjzxJZPLF80xFyzyUIYgSMRcYQ3+uqEoyDD2beGq7Dj7edi8OnJcS/hg==}
    cpu: [s390x]
    os: [linux]
    libc: [glibc]

  '@rollup/rollup-linux-x64-gnu@4.58.0':
    resolution: {integrity: sha512-+410Srdoh78MKSJxTQ+hZ/Mx+ajd6RjjPwBPNd0R3J9FtL6ZA0GqiiyNjCO9In0IzZkCNrpGymSfn+kgyPQocg==}
    cpu: [x64]
    os: [linux]
    libc: [glibc]

  '@rollup/rollup-linux-x64-musl@4.58.0':
    resolution: {integrity: sha512-ZjMyby5SICi227y1MTR3VYBpFTdZs823Rs/hpakufleBoufoOIB6jtm9FEoxn/cgO7l6PM2rCEl5Kre5vX0QrQ==}
    cpu: [x64]
    os: [linux]
    libc: [musl]

  '@rollup/rollup-openbsd-x64@4.58.0':
    resolution: {integrity: sha512-ds4iwfYkSQ0k1nb8LTcyXw//ToHOnNTJtceySpL3fa7tc/AsE+UpUFphW126A6fKBGJD5dhRvg8zw1rvoGFxmw==}
    cpu: [x64]
    os: [openbsd]

  '@rollup/rollup-openharmony-arm64@4.58.0':
    resolution: {integrity: sha512-fd/zpJniln4ICdPkjWFhZYeY/bpnaN9pGa6ko+5WD38I0tTqk9lXMgXZg09MNdhpARngmxiCg0B0XUamNw/5BQ==}
    cpu: [arm64]
    os: [openharmony]

  '@rollup/rollup-win32-arm64-msvc@4.58.0':
    resolution: {integrity: sha512-YpG8dUOip7DCz3nr/JUfPbIUo+2d/dy++5bFzgi4ugOGBIox+qMbbqt/JoORwvI/C9Kn2tz6+Bieoqd5+B1CjA==}
    cpu: [arm64]
    os: [win32]

  '@rollup/rollup-win32-ia32-msvc@4.58.0':
    resolution: {integrity: sha512-b9DI8jpFQVh4hIXFr0/+N/TzLdpBIoPzjt0Rt4xJbW3mzguV3mduR9cNgiuFcuL/TeORejJhCWiAXe3E/6PxWA==}
    cpu: [ia32]
    os: [win32]

  '@rollup/rollup-win32-x64-gnu@4.58.0':
    resolution: {integrity: sha512-CSrVpmoRJFN06LL9xhkitkwUcTZtIotYAF5p6XOR2zW0Zz5mzb3IPpcoPhB02frzMHFNo1reQ9xSF5fFm3hUsQ==}
    cpu: [x64]
    os: [win32]

  '@rollup/rollup-win32-x64-msvc@4.58.0':
    resolution: {integrity: sha512-QFsBgQNTnh5K0t/sBsjJLq24YVqEIVkGpfN2VHsnN90soZyhaiA9UUHufcctVNL4ypJY0wrwad0wslx2KJQ1/w==}
    cpu: [x64]
    os: [win32]

  '@swc/core-darwin-arm64@1.15.11':
    resolution: {integrity: sha512-QoIupRWVH8AF1TgxYyeA5nS18dtqMuxNwchjBIwJo3RdwLEFiJq6onOx9JAxHtuPwUkIVuU2Xbp+jCJ7Vzmgtg==}
    engines: {node: '>=10'}
    cpu: [arm64]
    os: [darwin]

  '@swc/core-darwin-x64@1.15.11':
    resolution: {integrity: sha512-S52Gu1QtPSfBYDiejlcfp9GlN+NjTZBRRNsz8PNwBgSE626/FUf2PcllVUix7jqkoMC+t0rS8t+2/aSWlMuQtA==}
    engines: {node: '>=10'}
    cpu: [x64]
    os: [darwin]

  '@swc/core-linux-arm-gnueabihf@1.15.11':
    resolution: {integrity: sha512-lXJs8oXo6Z4yCpimpQ8vPeCjkgoHu5NoMvmJZ8qxDyU99KVdg6KwU9H79vzrmB+HfH+dCZ7JGMqMF//f8Cfvdg==}
    engines: {node: '>=10'}
    cpu: [arm]
    os: [linux]

  '@swc/core-linux-arm64-gnu@1.15.11':
    resolution: {integrity: sha512-chRsz1K52/vj8Mfq/QOugVphlKPWlMh10V99qfH41hbGvwAU6xSPd681upO4bKiOr9+mRIZZW+EfJqY42ZzRyA==}
    engines: {node: '>=10'}
    cpu: [arm64]
    os: [linux]
    libc: [glibc]

  '@swc/core-linux-arm64-musl@1.15.11':
    resolution: {integrity: sha512-PYftgsTaGnfDK4m6/dty9ryK1FbLk+LosDJ/RJR2nkXGc8rd+WenXIlvHjWULiBVnS1RsjHHOXmTS4nDhe0v0w==}
    engines: {node: '>=10'}
    cpu: [arm64]
    os: [linux]
    libc: [musl]

  '@swc/core-linux-x64-gnu@1.15.11':
    resolution: {integrity: sha512-DKtnJKIHiZdARyTKiX7zdRjiDS1KihkQWatQiCHMv+zc2sfwb4Glrodx2VLOX4rsa92NLR0Sw8WLcPEMFY1szQ==}
    engines: {node: '>=10'}
    cpu: [x64]
    os: [linux]
    libc: [glibc]

  '@swc/core-linux-x64-musl@1.15.11':
    resolution: {integrity: sha512-mUjjntHj4+8WBaiDe5UwRNHuEzLjIWBTSGTw0JT9+C9/Yyuh4KQqlcEQ3ro6GkHmBGXBFpGIj/o5VMyRWfVfWw==}
    engines: {node: '>=10'}
    cpu: [x64]
    os: [linux]
    libc: [musl]

  '@swc/core-win32-arm64-msvc@1.15.11':
    resolution: {integrity: sha512-ZkNNG5zL49YpaFzfl6fskNOSxtcZ5uOYmWBkY4wVAvgbSAQzLRVBp+xArGWh2oXlY/WgL99zQSGTv7RI5E6nzA==}
    engines: {node: '>=10'}
    cpu: [arm64]
    os: [win32]

  '@swc/core-win32-ia32-msvc@1.15.11':
    resolution: {integrity: sha512-6XnzORkZCQzvTQ6cPrU7iaT9+i145oLwnin8JrfsLG41wl26+5cNQ2XV3zcbrnFEV6esjOceom9YO1w9mGJByw==}
    engines: {node: '>=10'}
    cpu: [ia32]
    os: [win32]

  '@swc/core-win32-x64-msvc@1.15.11':
    resolution: {integrity: sha512-IQ2n6af7XKLL6P1gIeZACskSxK8jWtoKpJWLZmdXTDj1MGzktUy4i+FvpdtxFmJWNavRWH1VmTr6kAubRDHeKw==}
    engines: {node: '>=10'}
    cpu: [x64]
    os: [win32]

  '@swc/core@1.15.11':
    resolution: {integrity: sha512-iLmLTodbYxU39HhMPaMUooPwO/zqJWvsqkrXv1ZI38rMb048p6N7qtAtTp37sw9NzSrvH6oli8EdDygo09IZ/w==}
    engines: {node: '>=10'}
    peerDependencies:
      '@swc/helpers': '>=0.5.17'
    peerDependenciesMeta:
      '@swc/helpers':
        optional: true

  '@swc/counter@0.1.3':
    resolution: {integrity: sha512-e2BR4lsJkkRlKZ/qCHPw9ZaSxc0MVUd7gtbtaB7aMvHeJVYe8sOB8DBZkP2DtISHGSku9sCK6T6cnY0CtXrOCQ==}

  '@swc/helpers@0.5.18':
    resolution: {integrity: sha512-TXTnIcNJQEKwThMMqBXsZ4VGAza6bvN4pa41Rkqoio6QBKMvo+5lexeTMScGCIxtzgQJzElcvIltani+adC5PQ==}

  '@swc/types@0.1.25':
    resolution: {integrity: sha512-iAoY/qRhNH8a/hBvm3zKj9qQ4oc2+3w1unPJa2XvTK3XjeLXtzcCingVPw/9e5mn1+0yPqxcBGp9Jf0pkfMb1g==}

  '@types/estree@1.0.8':
    resolution: {integrity: sha512-dWHzHa2WqEXI/O1E9OjrocMTKJl2mSrEolh1Iomrv6U+JuNwaHXsXx9bLu5gG7BUWFIN0skIQJQ/L1rIex4X6w==}

  '@types/resolve@1.20.2':
    resolution: {integrity: sha512-60BCwRFOZCQhDncwQdxxeOEEkbc5dIMccYLwbxsS4TUNeVECQ/pBJ0j09mrHOl/JJvpRPGwO9SvE4nR2Nb/a4Q==}

  ansi-regex@5.0.1:
    resolution: {integrity: sha512-quJQXlTSUGL2LH9SUXo8VwsY4soanhgo6LNSm84E1LBcE8s3O0wpdiRzyR9z/ZZJMlMWv37qOOb9pdJlMUEKFQ==}
    engines: {node: '>=8'}

  ansi-styles@4.3.0:
    resolution: {integrity: sha512-zbB9rCJAT1rbjiVDb2hqKFHNYLxgtk8NURxZ3IZwD3F6NtxbXZQCnnSi1Lkx+IDohdPlFp222wVALIheZJQSEg==}
    engines: {node: '>=8'}

  bunchee@6.9.4:
    resolution: {integrity: sha512-bwK6R+fVYbJp49elqL+L0ZYhEuaKraALVjuZLxb+eXcT1oCjPyQVBzYYG50o4fhzqdKyDSCk1mrJUvBSvlUULg==}
    engines: {node: '>= 18.0.0'}
    hasBin: true
    peerDependencies:
      typescript: ^4.1 || ^5.0
    peerDependenciesMeta:
      typescript:
        optional: true

  clean-css@5.3.3:
    resolution: {integrity: sha512-D5J+kHaVb/wKSFcyyV75uCn8fiY4sV38XJoe4CUyGQ+mOU/fMVYUdH1hJC+CJQ5uY3EnW27SbJYS4X8BiLrAFg==}
    engines: {node: '>= 10.0'}

  cliui@8.0.1:
    resolution: {integrity: sha512-BSeNnyus75C4//NQ9gQt1/csTXyo/8Sb+afLAkzAptFuMsod9HFokGNudZpi/oQV73hnVK+sR+5PVRMd+Dr7YQ==}
    engines: {node: '>=12'}

  color-convert@2.0.1:
    resolution: {integrity: sha512-RRECPsj7iu/xb5oKYcsFHSppFNnsj/52OVTRKb4zP5onXwVF3zVmmToNcOfGC+CRDpfK/U584fMg38ZHCaElKQ==}
    engines: {node: '>=7.0.0'}

  color-name@1.1.4:
    resolution: {integrity: sha512-dOy+3AuW3a2wNbZHIuMZpTcgjGuLU/uBL/ubcZF9OXbDo8ff4O8yVp5Bf0efS8uEoYo5q4Fx7dY9OgQGXgAsQA==}

  commondir@1.0.1:
    resolution: {integrity: sha512-W9pAhw0ja1Edb5GVdIF1mjZw/ASI0AlShXM83UUGe2DVr5TdAPEA1OA8m/g8zWp9x6On7gqufY+FatDbC3MDQg==}

  deepmerge@4.3.1:
    resolution: {integrity: sha512-3sUqbMEc77XqpdNO7FRyRog+eW3ph+GYCbj+rK+uYyRMuwsVy0rMiVtPn+QJlKFvWP/1PYpapqYn0Me2knFn+A==}
    engines: {node: '>=0.10.0'}

  emoji-regex@8.0.0:
    resolution: {integrity: sha512-MSjYzcWNOA0ewAHpz0MxpYFvwg6yjy1NG3xteoqz644VCo/RPgnr1/GGt+ic3iJTzQ8Eu3TdM14SawnVUmGE6A==}

  escalade@3.2.0:
    resolution: {integrity: sha512-WUj2qlxaQtO4g6Pq5c29GTcWGDyd8itL8zTlipgECz3JesAiiOKotd8JU6otB3PACgG6xkJUyVhboMS+bje/jA==}
    engines: {node: '>=6'}

  estree-walker@2.0.2:
    resolution: {integrity: sha512-Rfkk/Mp/DL7JVje3u18FxFujQlTNR2q6QfMSMB7AvCBx91NGj/ba3kCfza0f6dVDbw7YlRf/nDrn7pQrCCyQ/w==}

  fdir@6.5.0:
    resolution: {integrity: sha512-tIbYtZbucOs0BRGqPJkshJUYdL+SDH7dVM8gjy+ERp3WAUjLEFJE+02kanyHtwjWOnwrKYBiwAmM0p4kLJAnXg==}
    engines: {node: '>=12.0.0'}
    peerDependencies:
      picomatch: ^3 || ^4
    peerDependenciesMeta:
      picomatch:
        optional: true

  framer-motion@12.34.3:
    resolution: {integrity: sha512-v81ecyZKYO/DfpTwHivqkxSUBzvceOpoI+wLfgCgoUIKxlFKEXdg0oR9imxwXumT4SFy8vRk9xzJ5l3/Du/55Q==}
    peerDependencies:
      '@emotion/is-prop-valid': '*'
      react: ^18.0.0 || ^19.0.0
      react-dom: ^18.0.0 || ^19.0.0
    peerDependenciesMeta:
      '@emotion/is-prop-valid':
        optional: true
      react:
        optional: true
      react-dom:
        optional: true

  fsevents@2.3.3:
    resolution: {integrity: sha512-5xoDfX+fL7faATnagmWPpbFtwh/R77WmMMqqHGS65C3vvB0YHrgF+B1YmZ3441tMj5n63k0212XNoJwzlhffQw==}
    engines: {node: ^8.16.0 || ^10.6.0 || >=11.0.0}
    os: [darwin]

  function-bind@1.1.2:
    resolution: {integrity: sha512-7XHNxH7qX9xG5mIwxkhumTox/MIRNcOgDrxWsMt2pAr23WHp6MrRlN7FBSFpCpr+oVO0F744iUgR82nJMfG2SA==}

  get-caller-file@2.0.5:
    resolution: {integrity: sha512-DyFP3BM/3YHTQOCUL/w0OZHR0lpKeGrxotcHWcqNEdnltqFwXVfhEBQ94eIo34AfQpo0rGki4cyIiftY06h2Fg==}
    engines: {node: 6.* || 8.* || >= 10.*}

  get-tsconfig@4.13.6:
    resolution: {integrity: sha512-shZT/QMiSHc/YBLxxOkMtgSid5HFoauqCE3/exfsEcwg1WkeqjG+V40yBbBrsD+jW2HDXcs28xOfcbm2jI8Ddw==}

  hasown@2.0.2:
    resolution: {integrity: sha512-0hJU9SCPvmMzIBdZFqNPXWa6dqh7WdH0cII9y+CyS8rG3nL48Bclra9HmKhVVUHyPWNH5Y7xDwAB7bfgSjkUMQ==}
    engines: {node: '>= 0.4'}

  is-core-module@2.16.1:
    resolution: {integrity: sha512-UfoeMA6fIJ8wTYFEUjelnaGI67v6+N7qXJEvQuIGa99l4xsCruSYOVSQ0uPANn4dAzm8lkYPaKLrrijLq7x23w==}
    engines: {node: '>= 0.4'}

  is-fullwidth-code-point@3.0.0:
    resolution: {integrity: sha512-zymm5+u+sCsSWyD9qNaejV3DFvhCKclKdizYaJUuHA83RLjb7nSuGnddCHGv0hk+KY7BMAlsWeK4Ueg6EV6XQg==}
    engines: {node: '>=8'}

  is-module@1.0.0:
    resolution: {integrity: sha512-51ypPSPCoTEIN9dy5Oy+h4pShgJmPCygKfyRCISBI+JoWT/2oJvK8QPxmwv7b/p239jXrm9M1mlQbyKJ5A152g==}

  is-reference@1.2.1:
    resolution: {integrity: sha512-U82MsXXiFIrjCK4otLT+o2NA2Cd2g5MLoOVXUZjIOhLurrRxpEXzI8O0KZHr3IjLvlAH1kTPYSuqer5T9ZVBKQ==}

  js-tokens@4.0.0:
    resolution: {integrity: sha512-RdJUflcE3cUzKiMqQgsCu06FPu9UdIJO0beYbPhHN4k6apgJtifcoCtT9bcxOpYBtpD2kCM6Sbzg4CausW/PKQ==}

  magic-string@0.30.21:
    resolution: {integrity: sha512-vd2F4YUyEXKGcLHoq+TEyCjxueSeHnFxyyjNp80yg0XV4vUhnDer/lvvlqM/arB5bXQN5K2/3oinyCRyx8T2CQ==}

  motion-dom@12.34.3:
    resolution: {integrity: sha512-sYgFe+pR9aIM7o4fhs2aXtOI+oqlUd33N9Yoxcgo1Fv7M20sRkHtCmzE/VRNIcq7uNJ+qio+Xubt1FXH3pQ+eQ==}

  motion-utils@12.29.2:
    resolution: {integrity: sha512-G3kc34H2cX2gI63RqU+cZq+zWRRPSsNIOjpdl9TN4AQwC4sgwYPl/Q/Obf/d53nOm569T0fYK+tcoSV50BWx8A==}

  motion@12.34.3:
    resolution: {integrity: sha512-xZIkBGO7v/Uvm+EyaqYd+9IpXu0sZqLywVlGdCFrrMiaO9JI4Kx51mO9KlHSWwll+gZUVY5OJsWgYI5FywJ/tw==}
    peerDependencies:
      '@emotion/is-prop-valid': '*'
      react: ^18.0.0 || ^19.0.0
      react-dom: ^18.0.0 || ^19.0.0
    peerDependenciesMeta:
      '@emotion/is-prop-valid':
        optional: true
      react:
        optional: true
      react-dom:
        optional: true

  nanospinner@1.2.2:
    resolution: {integrity: sha512-Zt/AmG6qRU3e+WnzGGLuMCEAO/dAu45stNbHY223tUxldaDAeE+FxSPsd9Q+j+paejmm0ZbrNVs5Sraqy3dRxA==}

  path-parse@1.0.7:
    resolution: {integrity: sha512-LDJzPVEEEPR+y48z93A0Ed0yXb8pAByGWo/k5YYdYgpY2/2EsOsksJrq7lOHxryrVOn1ejG6oAp8ahvOIQD8sw==}

  picocolors@1.1.1:
    resolution: {integrity: sha512-xceH2snhtb5M9liqDsmEw56le376mTZkEX/jEb/RxNFyegNul7eNslCXP9FDj/Lcu0X8KEyMceP2ntpaHrDEVA==}

  picomatch@4.0.3:
    resolution: {integrity: sha512-5gTmgEY/sqK6gFXLIsQNH19lWb4ebPDLA4SdLP7dsWkIXHWlG66oPuVvXSGFPppYZz8ZDZq0dYYrbHfBCVUb1Q==}
    engines: {node: '>=12'}

  pretty-bytes@5.6.0:
    resolution: {integrity: sha512-FFw039TmrBqFK8ma/7OL3sDz/VytdtJr044/QUJtH0wK9lb9jLq9tJyIxUwtQJHwar2BqtiA4iCWSwo9JLkzFg==}
    engines: {node: '>=6'}

  react-dom@19.2.4:
    resolution: {integrity: sha512-AXJdLo8kgMbimY95O2aKQqsz2iWi9jMgKJhRBAxECE4IFxfcazB2LmzloIoibJI3C12IlY20+KFaLv+71bUJeQ==}
    peerDependencies:
      react: ^19.2.4

  react@19.2.4:
    resolution: {integrity: sha512-9nfp2hYpCwOjAN+8TZFGhtWEwgvWHXqESH8qT89AT/lWklpLON22Lc8pEtnpsZz7VmawabSU0gCjnj8aC0euHQ==}
    engines: {node: '>=0.10.0'}

  require-directory@2.1.1:
    resolution: {integrity: sha512-fGxEI7+wsG9xrvdjsrlmL22OMTTiHRwAMroiEeMgq8gzoLC/PQr7RsRDSTLUg/bZAZtF+TVIkHc6/4RIKrui+Q==}
    engines: {node: '>=0.10.0'}

  resolve-pkg-maps@1.0.0:
    resolution: {integrity: sha512-seS2Tj26TBVOC2NIc2rOe2y2ZO7efxITtLZcGSOnHHNOQ7CkiUBfw0Iw2ck6xkIhPwLhKNLS8BO+hEpngQlqzw==}

  resolve@1.22.11:
    resolution: {integrity: sha512-RfqAvLnMl313r7c9oclB1HhUEAezcpLjz95wFH4LVuhk9JF/r22qmVP9AMmOU4vMX7Q8pN8jwNg/CSpdFnMjTQ==}
    engines: {node: '>= 0.4'}
    hasBin: true

  rollup-plugin-dts@6.3.0:
    resolution: {integrity: sha512-d0UrqxYd8KyZ6i3M2Nx7WOMy708qsV/7fTHMHxCMCBOAe3V/U7OMPu5GkX8hC+cmkHhzGnfeYongl1IgiooddA==}
    engines: {node: '>=16'}
    peerDependencies:
      rollup: ^3.29.4 || ^4
      typescript: ^4.5 || ^5.0

  rollup-plugin-swc3@0.11.2:
    resolution: {integrity: sha512-o1ih9B806fV2wBSNk46T0cYfTF2eiiKmYXRpWw3K4j/Cp3tCAt10UCVsTqvUhGP58pcB3/GZcAVl5e7TCSKN6Q==}
    engines: {node: '>=12'}
    peerDependencies:
      '@swc/core': '>=1.2.165'
      rollup: ^2.0.0 || ^3.0.0 || ^4.0.0

  rollup-preserve-directives@1.1.3:
    resolution: {integrity: sha512-oXqxd6ZzkoQej8Qt0k+S/yvO2+S4CEVEVv2g85oL15o0cjAKTKEuo2MzyA8FcsBBXbtytBzBMFAbhvQg4YyPUQ==}
    peerDependencies:
      rollup: ^2.0.0 || ^3.0.0 || ^4.0.0

  rollup@4.58.0:
    resolution: {integrity: sha512-wbT0mBmWbIvvq8NeEYWWvevvxnOyhKChir47S66WCxw1SXqhw7ssIYejnQEVt7XYQpsj2y8F9PM+Cr3SNEa0gw==}
    engines: {node: '>=18.0.0', npm: '>=8.0.0'}
    hasBin: true

  scheduler@0.27.0:
    resolution: {integrity: sha512-eNv+WrVbKu1f3vbYJT/xtiF5syA5HPIMtf9IgY/nKg0sWqzAUEvqY/xm7OcZc/qafLx/iO9FgOmeSAp4v5ti/Q==}

  source-map@0.6.1:
    resolution: {integrity: sha512-UjgapumWlbMhkBgzT7Ykc5YXUT46F0iKu8SGXq0bcwP5dz/h0Plj6enJqjz1Zbq2l5WaqYnrVbwWOWMyF3F47g==}
    engines: {node: '>=0.10.0'}

  string-width@4.2.3:
    resolution: {integrity: sha512-wKyQRQpjJ0sIp62ErSZdGsjMJWsap5oRNihHhu6G7JVO/9jIB6UyevL+tXuOqrng8j/cxKTWyWUwvSTriiZz/g==}
    engines: {node: '>=8'}

  strip-ansi@6.0.1:
    resolution: {integrity: sha512-Y38VPSHcqkFrCpFnQ9vuSXmquuv5oXOKpGeT6aGrr3o3Gc9AlVa6JBfUSOCnbxGGZF+/0ooI7KrPuUSztUdU5A==}
    engines: {node: '>=8'}

  supports-preserve-symlinks-flag@1.0.0:
    resolution: {integrity: sha512-ot0WnXS9fgdkgIcePe6RHNk1WA8+muPa6cSjeR3V8K27q9BB1rTE3R1p7Hv0z1ZyAc8s6Vvv8DIyWf681MAt0w==}
    engines: {node: '>= 0.4'}

  tinyglobby@0.2.15:
    resolution: {integrity: sha512-j2Zq4NyQYG5XMST4cbs02Ak8iJUdxRM0XI5QyxXuZOzKOINmWurp3smXu3y5wDcJrptwpSjgXHzIQxR0omXljQ==}
    engines: {node: '>=12.0.0'}

  tslib@2.8.1:
    resolution: {integrity: sha512-oJFu94HQb+KVduSUQL7wnpmqnfmLsOA/nAh6b6EH0wCEoK0/mPeXU6c3wKDV83MkOuHPRHtSXKKU99IBazS/2w==}

  typescript@5.9.3:
    resolution: {integrity: sha512-jl1vZzPDinLr9eUt3J/t7V6FgNEw9QjvBPdysz9KfQDD41fQrC2Y4vKQdiaUpFT4bXlb1RHhLpp8wtm6M5TgSw==}
    engines: {node: '>=14.17'}
    hasBin: true

  wrap-ansi@7.0.0:
    resolution: {integrity: sha512-YVGIj2kamLSTxw6NsZjoBxfSwsn0ycdesmc4p+Q21c5zPuZ1pl+NfxVdxPtdHvmNVOQ6XSYG4AUtyt/Fi7D16Q==}
    engines: {node: '>=10'}

  y18n@5.0.8:
    resolution: {integrity: sha512-0pfFzegeDWJHJIAmTLRP2DwHjdF5s7jo9tuztdQxAhINCdvS+3nGINqPd00AphqJR/0LhANUS6/+7SCb98YOfA==}
    engines: {node: '>=10'}

  yargs-parser@21.1.1:
    resolution: {integrity: sha512-tVpsJW7DdjecAiFpbIB1e3qxIQsE6NoPc5/eTdrbbIC4h0LVsWhnoa3g+m2HclBIujHzsxZ4VJVA+GUuc2/LBw==}
    engines: {node: '>=12'}

  yargs@17.7.2:
    resolution: {integrity: sha512-7dSzzRQ++CKnNI/krKnYRV7JKKPUXMEh61soaHKg9mrWEhzFWhFnxPxGl+69cD1Ou63C13NUPCnmIcrvqCuM6w==}
    engines: {node: '>=12'}

snapshots:

  '@babel/code-frame@7.29.0':
    dependencies:
      '@babel/helper-validator-identifier': 7.28.5
      js-tokens: 4.0.0
      picocolors: 1.1.1
    optional: true

  '@babel/helper-validator-identifier@7.28.5':
    optional: true

  '@fastify/deepmerge@1.3.0': {}

  '@jridgewell/sourcemap-codec@1.5.5': {}

  '@rollup/plugin-commonjs@29.0.0(rollup@4.58.0)':
    dependencies:
      '@rollup/pluginutils': 5.3.0(rollup@4.58.0)
      commondir: 1.0.1
      estree-walker: 2.0.2
      fdir: 6.5.0(picomatch@4.0.3)
      is-reference: 1.2.1
      magic-string: 0.30.21
      picomatch: 4.0.3
    optionalDependencies:
      rollup: 4.58.0

  '@rollup/plugin-json@6.1.0(rollup@4.58.0)':
    dependencies:
      '@rollup/pluginutils': 5.3.0(rollup@4.58.0)
    optionalDependencies:
      rollup: 4.58.0

  '@rollup/plugin-node-resolve@16.0.3(rollup@4.58.0)':
    dependencies:
      '@rollup/pluginutils': 5.3.0(rollup@4.58.0)
      '@types/resolve': 1.20.2
      deepmerge: 4.3.1
      is-module: 1.0.0
      resolve: 1.22.11
    optionalDependencies:
      rollup: 4.58.0

  '@rollup/plugin-replace@6.0.3(rollup@4.58.0)':
    dependencies:
      '@rollup/pluginutils': 5.3.0(rollup@4.58.0)
      magic-string: 0.30.21
    optionalDependencies:
      rollup: 4.58.0

  '@rollup/plugin-wasm@6.2.2(rollup@4.58.0)':
    dependencies:
      '@rollup/pluginutils': 5.3.0(rollup@4.58.0)
    optionalDependencies:
      rollup: 4.58.0

  '@rollup/pluginutils@5.3.0(rollup@4.58.0)':
    dependencies:
      '@types/estree': 1.0.8
      estree-walker: 2.0.2
      picomatch: 4.0.3
    optionalDependencies:
      rollup: 4.58.0

  '@rollup/rollup-android-arm-eabi@4.58.0':
    optional: true

  '@rollup/rollup-android-arm64@4.58.0':
    optional: true

  '@rollup/rollup-darwin-arm64@4.58.0':
    optional: true

  '@rollup/rollup-darwin-x64@4.58.0':
    optional: true

  '@rollup/rollup-freebsd-arm64@4.58.0':
    optional: true

  '@rollup/rollup-freebsd-x64@4.58.0':
    optional: true

  '@rollup/rollup-linux-arm-gnueabihf@4.58.0':
    optional: true

  '@rollup/rollup-linux-arm-musleabihf@4.58.0':
    optional: true

  '@rollup/rollup-linux-arm64-gnu@4.58.0':
    optional: true

  '@rollup/rollup-linux-arm64-musl@4.58.0':
    optional: true

  '@rollup/rollup-linux-loong64-gnu@4.58.0':
    optional: true

  '@rollup/rollup-linux-loong64-musl@4.58.0':
    optional: true

  '@rollup/rollup-linux-ppc64-gnu@4.58.0':
    optional: true

  '@rollup/rollup-linux-ppc64-musl@4.58.0':
    optional: true

  '@rollup/rollup-linux-riscv64-gnu@4.58.0':
    optional: true

  '@rollup/rollup-linux-riscv64-musl@4.58.0':
    optional: true

  '@rollup/rollup-linux-s390x-gnu@4.58.0':
    optional: true

  '@rollup/rollup-linux-x64-gnu@4.58.0':
    optional: true

  '@rollup/rollup-linux-x64-musl@4.58.0':
    optional: true

  '@rollup/rollup-openbsd-x64@4.58.0':
    optional: true

  '@rollup/rollup-openharmony-arm64@4.58.0':
    optional: true

  '@rollup/rollup-win32-arm64-msvc@4.58.0':
    optional: true

  '@rollup/rollup-win32-ia32-msvc@4.58.0':
    optional: true

  '@rollup/rollup-win32-x64-gnu@4.58.0':
    optional: true

  '@rollup/rollup-win32-x64-msvc@4.58.0':
    optional: true

  '@swc/core-darwin-arm64@1.15.11':
    optional: true

  '@swc/core-darwin-x64@1.15.11':
    optional: true

  '@swc/core-linux-arm-gnueabihf@1.15.11':
    optional: true

  '@swc/core-linux-arm64-gnu@1.15.11':
    optional: true

  '@swc/core-linux-arm64-musl@1.15.11':
    optional: true

  '@swc/core-linux-x64-gnu@1.15.11':
    optional: true

  '@swc/core-linux-x64-musl@1.15.11':
    optional: true

  '@swc/core-win32-arm64-msvc@1.15.11':
    optional: true

  '@swc/core-win32-ia32-msvc@1.15.11':
    optional: true

  '@swc/core-win32-x64-msvc@1.15.11':
    optional: true

  '@swc/core@1.15.11(@swc/helpers@0.5.18)':
    dependencies:
      '@swc/counter': 0.1.3
      '@swc/types': 0.1.25
    optionalDependencies:
      '@swc/core-darwin-arm64': 1.15.11
      '@swc/core-darwin-x64': 1.15.11
      '@swc/core-linux-arm-gnueabihf': 1.15.11
      '@swc/core-linux-arm64-gnu': 1.15.11
      '@swc/core-linux-arm64-musl': 1.15.11
      '@swc/core-linux-x64-gnu': 1.15.11
      '@swc/core-linux-x64-musl': 1.15.11
      '@swc/core-win32-arm64-msvc': 1.15.11
      '@swc/core-win32-ia32-msvc': 1.15.11
      '@swc/core-win32-x64-msvc': 1.15.11
      '@swc/helpers': 0.5.18

  '@swc/counter@0.1.3': {}

  '@swc/helpers@0.5.18':
    dependencies:
      tslib: 2.8.1

  '@swc/types@0.1.25':
    dependencies:
      '@swc/counter': 0.1.3

  '@types/estree@1.0.8': {}

  '@types/resolve@1.20.2': {}

  ansi-regex@5.0.1: {}

  ansi-styles@4.3.0:
    dependencies:
      color-convert: 2.0.1

  bunchee@6.9.4(typescript@5.9.3):
    dependencies:
      '@rollup/plugin-commonjs': 29.0.0(rollup@4.58.0)
      '@rollup/plugin-json': 6.1.0(rollup@4.58.0)
      '@rollup/plugin-node-resolve': 16.0.3(rollup@4.58.0)
      '@rollup/plugin-replace': 6.0.3(rollup@4.58.0)
      '@rollup/plugin-wasm': 6.2.2(rollup@4.58.0)
      '@rollup/pluginutils': 5.3.0(rollup@4.58.0)
      '@swc/core': 1.15.11(@swc/helpers@0.5.18)
      '@swc/helpers': 0.5.18
      clean-css: 5.3.3
      magic-string: 0.30.21
      nanospinner: 1.2.2
      picomatch: 4.0.3
      pretty-bytes: 5.6.0
      rollup: 4.58.0
      rollup-plugin-dts: 6.3.0(rollup@4.58.0)(typescript@5.9.3)
      rollup-plugin-swc3: 0.11.2(@swc/core@1.15.11(@swc/helpers@0.5.18))(rollup@4.58.0)
      rollup-preserve-directives: 1.1.3(rollup@4.58.0)
      tinyglobby: 0.2.15
      tslib: 2.8.1
      yargs: 17.7.2
    optionalDependencies:
      typescript: 5.9.3

  clean-css@5.3.3:
    dependencies:
      source-map: 0.6.1

  cliui@8.0.1:
    dependencies:
      string-width: 4.2.3
      strip-ansi: 6.0.1
      wrap-ansi: 7.0.0

  color-convert@2.0.1:
    dependencies:
      color-name: 1.1.4

  color-name@1.1.4: {}

  commondir@1.0.1: {}

  deepmerge@4.3.1: {}

  emoji-regex@8.0.0: {}

  escalade@3.2.0: {}

  estree-walker@2.0.2: {}

  fdir@6.5.0(picomatch@4.0.3):
    optionalDependencies:
      picomatch: 4.0.3

  framer-motion@12.34.3(react-dom@19.2.4(react@19.2.4))(react@19.2.4):
    dependencies:
      motion-dom: 12.34.3
      motion-utils: 12.29.2
      tslib: 2.8.1
    optionalDependencies:
      react: 19.2.4
      react-dom: 19.2.4(react@19.2.4)

  fsevents@2.3.3:
    optional: true

  function-bind@1.1.2: {}

  get-caller-file@2.0.5: {}

  get-tsconfig@4.13.6:
    dependencies:
      resolve-pkg-maps: 1.0.0

  hasown@2.0.2:
    dependencies:
      function-bind: 1.1.2

  is-core-module@2.16.1:
    dependencies:
      hasown: 2.0.2

  is-fullwidth-code-point@3.0.0: {}

  is-module@1.0.0: {}

  is-reference@1.2.1:
    dependencies:
      '@types/estree': 1.0.8

  js-tokens@4.0.0:
    optional: true

  magic-string@0.30.21:
    dependencies:
      '@jridgewell/sourcemap-codec': 1.5.5

  motion-dom@12.34.3:
    dependencies:
      motion-utils: 12.29.2

  motion-utils@12.29.2: {}

  motion@12.34.3(react-dom@19.2.4(react@19.2.4))(react@19.2.4):
    dependencies:
      framer-motion: 12.34.3(react-dom@19.2.4(react@19.2.4))(react@19.2.4)
      tslib: 2.8.1
    optionalDependencies:
      react: 19.2.4
      react-dom: 19.2.4(react@19.2.4)

  nanospinner@1.2.2:
    dependencies:
      picocolors: 1.1.1

  path-parse@1.0.7: {}

  picocolors@1.1.1: {}

  picomatch@4.0.3: {}

  pretty-bytes@5.6.0: {}

  react-dom@19.2.4(react@19.2.4):
    dependencies:
      react: 19.2.4
      scheduler: 0.27.0

  react@19.2.4: {}

  require-directory@2.1.1: {}

  resolve-pkg-maps@1.0.0: {}

  resolve@1.22.11:
    dependencies:
      is-core-module: 2.16.1
      path-parse: 1.0.7
      supports-preserve-symlinks-flag: 1.0.0

  rollup-plugin-dts@6.3.0(rollup@4.58.0)(typescript@5.9.3):
    dependencies:
      magic-string: 0.30.21
      rollup: 4.58.0
      typescript: 5.9.3
    optionalDependencies:
      '@babel/code-frame': 7.29.0

  rollup-plugin-swc3@0.11.2(@swc/core@1.15.11(@swc/helpers@0.5.18))(rollup@4.58.0):
    dependencies:
      '@fastify/deepmerge': 1.3.0
      '@rollup/pluginutils': 5.3.0(rollup@4.58.0)
      '@swc/core': 1.15.11(@swc/helpers@0.5.18)
      get-tsconfig: 4.13.6
      rollup: 4.58.0
      rollup-preserve-directives: 1.1.3(rollup@4.58.0)

  rollup-preserve-directives@1.1.3(rollup@4.58.0):
    dependencies:
      magic-string: 0.30.21
      rollup: 4.58.0

  rollup@4.58.0:
    dependencies:
      '@types/estree': 1.0.8
    optionalDependencies:
      '@rollup/rollup-android-arm-eabi': 4.58.0
      '@rollup/rollup-android-arm64': 4.58.0
      '@rollup/rollup-darwin-arm64': 4.58.0
      '@rollup/rollup-darwin-x64': 4.58.0
      '@rollup/rollup-freebsd-arm64': 4.58.0
      '@rollup/rollup-freebsd-x64': 4.58.0
      '@rollup/rollup-linux-arm-gnueabihf': 4.58.0
      '@rollup/rollup-linux-arm-musleabihf': 4.58.0
      '@rollup/rollup-linux-arm64-gnu': 4.58.0
      '@rollup/rollup-linux-arm64-musl': 4.58.0
      '@rollup/rollup-linux-loong64-gnu': 4.58.0
      '@rollup/rollup-linux-loong64-musl': 4.58.0
      '@rollup/rollup-linux-ppc64-gnu': 4.58.0
      '@rollup/rollup-linux-ppc64-musl': 4.58.0
      '@rollup/rollup-linux-riscv64-gnu': 4.58.0
      '@rollup/rollup-linux-riscv64-musl': 4.58.0
      '@rollup/rollup-linux-s390x-gnu': 4.58.0
      '@rollup/rollup-linux-x64-gnu': 4.58.0
      '@rollup/rollup-linux-x64-musl': 4.58.0
      '@rollup/rollup-openbsd-x64': 4.58.0
      '@rollup/rollup-openharmony-arm64': 4.58.0
      '@rollup/rollup-win32-arm64-msvc': 4.58.0
      '@rollup/rollup-win32-ia32-msvc': 4.58.0
      '@rollup/rollup-win32-x64-gnu': 4.58.0
      '@rollup/rollup-win32-x64-msvc': 4.58.0
      fsevents: 2.3.3

  scheduler@0.27.0: {}

  source-map@0.6.1: {}

  string-width@4.2.3:
    dependencies:
      emoji-regex: 8.0.0
      is-fullwidth-code-point: 3.0.0
      strip-ansi: 6.0.1

  strip-ansi@6.0.1:
    dependencies:
      ansi-regex: 5.0.1

  supports-preserve-symlinks-flag@1.0.0: {}

  tinyglobby@0.2.15:
    dependencies:
      fdir: 6.5.0(picomatch@4.0.3)
      picomatch: 4.0.3

  tslib@2.8.1: {}

  typescript@5.9.3: {}

  wrap-ansi@7.0.0:
    dependencies:
      ansi-styles: 4.3.0
      string-width: 4.2.3
      strip-ansi: 6.0.1

  y18n@5.0.8: {}

  yargs-parser@21.1.1: {}

  yargs@17.7.2:
    dependencies:
      cliui: 8.0.1
      escalade: 3.2.0
      get-caller-file: 2.0.5
      require-directory: 2.1.1
      string-width: 4.2.3
      y18n: 5.0.8
      yargs-parser: 21.1.1
